
Microsoft Visual Studio Solution File, Format Version 12.00
# Visual Studio Version 16
VisualStudioVersion = 16.0.29403.142
MinimumVisualStudioVersion = 10.0.40219.1
Project("{FAE04EC0-301F-11D3-BF4B-00C04F79EFBC}") = "Exer_Estrutura_condicional1", "Exer_Estrutura_condicional1\Exer_Estrutura_condicional1.csproj", "{D7B0192B-166A-4206-97BA-F5988B870082}"
EndProject
Global
	GlobalSection(SolutionConfigurationPlatforms) = preSolution
		Debug|Any CPU = Debug|Any CPU
		Release|Any CPU = Release|Any CPU
	EndGlobalSection
	GlobalSection(ProjectConfigurationPlatforms) = postSolution
		{D7B0192B-166A-4206-97BA-F5988B870082}.Debug|Any CPU.ActiveCfg = Debug|Any CPU
		{D7B0192B-166A-4206-97BA-F5988B870082}.Debug|Any CPU.Build.0 = Debug|Any CPU
		{D7B0192B-166A-4206-97BA-F5988B870082}.Release|Any CPU.ActiveCfg = Release|Any CPU
		{D7B0192B-166A-4206-97BA-F5988B870082}.Release|Any CPU.Build.0 = Release|Any CPU
	EndGlobalSection
	GlobalSection(SolutionProperties) = preSolution
		HideSolutionNode = FALSE
	EndGlobalSection
	GlobalSection(ExtensibilityGlobals) = postSolution
		SolutionGuid = {D3C87D46-02A0-45DA-890B-8C7A4086D9F5}
	EndGlobalSection
EndGlobal
